<?xml version="1.0" encoding="us-ascii"?>
<ioc xmlns:xsi="http://www.w3.org/2001/XMLSchema-instance" xmlns:xsd="http://www.w3.org/2001/XMLSchema" id="1c3abadc-c800-43cf-b693-36d945e56dc6" last-modified="2014-03-21T13:17:52" xmlns="http://schemas.mandiant.com/2010/ioc">
  <short_description>Zbot</short_description>
  <description>Zbot</description>
  <authored_by>ft44k</authored_by>
  <authored_date>2014-03-12T13:35:54</authored_date>
  <links />
  <definition>
    <Indicator operator="OR" id="f0539534-2456-4f29-8ade-93ede2c6d6e9">
      <IndicatorItem id="52ec1ed0-d50f-4e73-9dc3-637104814d21" condition="is">
        <Context document="FileItem" search="FileItem/Md5sum" type="mir" />
        <Content type="md5">eeef4fc915baf1993b323139ad6b1a16</Content>
      </IndicatorItem>
      <IndicatorItem id="aa8e58b3-50a9-4e89-94e7-90ca6c7b1c74" condition="is">
        <Context document="FileItem" search="FileItem/Md5sum" type="mir" />
        <Content type="md5">46b71932f84d67dc1d58b6ff868e78c2</Content>
      </IndicatorItem>
      <Indicator operator="AND" id="228e468d-fa50-4cf5-9ee2-5a3bbf08169a">
        <IndicatorItem id="a9bf3add-dd5f-4a5a-999c-47dd6da4d244" condition="contains">
          <Context document="RegistryItem" search="RegistryItem/Path" type="mir" />
          <Content type="string">Software\Microsoft\Windows\CurrentVersion\Run\</Content>
        </IndicatorItem>
        <IndicatorItem id="2ff5cdbe-f70c-4639-bc6e-ffc4e0826de3" condition="contains">
          <Context document="RegistryItem" search="RegistryItem/Text" type="mir" />
          <Content type="string">\Local\Temp\</Content>
        </IndicatorItem>
      </Indicator>
      <Indicator operator="AND" id="eb6e1eb7-c08a-4415-a0d0-62bf1d5acf29">
        <IndicatorItem id="ed056285-0b45-4b95-a39f-d8fe2f2694f1" condition="contains">
          <Context document="RegistryItem" search="RegistryItem/Path" type="mir" />
          <Content type="string">FirewallPolicy\FirewallRules\TCP Query</Content>
        </IndicatorItem>
        <IndicatorItem id="449bca80-949b-4ddd-a960-7ca3c8f8d133" condition="contains">
          <Context document="RegistryItem" search="RegistryItem/Text" type="mir" />
          <Content type="string">\local\temp\</Content>
        </IndicatorItem>
      </Indicator>
      <Indicator operator="AND" id="38487378-27e1-421d-868b-335888dcb9a5">
        <IndicatorItem id="c254d82e-42f8-42fc-a96d-eec941876999" condition="contains">
          <Context document="PortItem" search="PortItem/path" type="mir" />
          <Content type="string">\local\temp\</Content>
        </IndicatorItem>
        <IndicatorItem id="e80dfa15-aa82-4996-a619-6ce4d0ddfcc1" condition="contains">
          <Context document="PortItem" search="PortItem/localIP" type="mir" />
          <Content type="string">0.0.0.0</Content>
        </IndicatorItem>
        <IndicatorItem id="197da1fd-a56c-449c-a606-ed5671e22147" condition="contains">
          <Context document="PortItem" search="PortItem/remoteIP" type="mir" />
          <Content type="IP">0.0.0.0</Content>
        </IndicatorItem>
      </Indicator>
    </Indicator>
  </definition>
</ioc>